// !$*UTF8*$!
{
	archiveVersion = 1;
	classes = {
	};
	objectVersion = 50;
	objects = {

/* Begin PBXBuildFile section */
		262152EC231956F10003F658 /* AppDelegate.swift in Sources */ = {isa = PBXBuildFile; fileRef = 262152EB231956F10003F658 /* AppDelegate.swift */; };
		262152F1231956F10003F658 /* Main.storyboard in Resources */ = {isa = PBXBuildFile; fileRef = 262152EF231956F10003F658 /* Main.storyboard */; };
		262152F6231956F30003F658 /* Assets.xcassets in Resources */ = {isa = PBXBuildFile; fileRef = 262152F5231956F30003F658 /* Assets.xcassets */; };
		262152F9231956F30003F658 /* LaunchScreen.storyboard in Resources */ = {isa = PBXBuildFile; fileRef = 262152F7231956F30003F658 /* LaunchScreen.storyboard */; };
		262153012319573D0003F658 /* Sight.swift in Sources */ = {isa = PBXBuildFile; fileRef = 262153002319573D0003F658 /* Sight.swift */; };
		26215303231957A10003F658 /* SightsTableViewController.swift in Sources */ = {isa = PBXBuildFile; fileRef = 26215302231957A10003F658 /* SightsTableViewController.swift */; };
		26215305231958260003F658 /* NewSightViewController.swift in Sources */ = {isa = PBXBuildFile; fileRef = 26215304231958260003F658 /* NewSightViewController.swift */; };
		26215307231958710003F658 /* SightTableViewCell.swift in Sources */ = {isa = PBXBuildFile; fileRef = 26215306231958710003F658 /* SightTableViewCell.swift */; };
		264B0E3E231A69CF003ED57E /* SightModel.xcdatamodeld in Sources */ = {isa = PBXBuildFile; fileRef = 264B0E3C231A69CF003ED57E /* SightModel.xcdatamodeld */; };
		264B0E5D231AB429003ED57E /* SightEntity+CoreDataClass.swift in Sources */ = {isa = PBXBuildFile; fileRef = 264B0E5B231AB429003ED57E /* SightEntity+CoreDataClass.swift */; };
		264B0E5E231AB429003ED57E /* SightEntity+CoreDataProperties.swift in Sources */ = {isa = PBXBuildFile; fileRef = 264B0E5C231AB429003ED57E /* SightEntity+CoreDataProperties.swift */; };
		264B0E62231AB50B003ED57E /* DatabaseProtocol.swift in Sources */ = {isa = PBXBuildFile; fileRef = 264B0E5F231AB50B003ED57E /* DatabaseProtocol.swift */; };
		264B0E63231AB50B003ED57E /* CoreDataController.swift in Sources */ = {isa = PBXBuildFile; fileRef = 264B0E60231AB50B003ED57E /* CoreDataController.swift */; };
		264B0E64231AB50B003ED57E /* MulticastDelegate.swift in Sources */ = {isa = PBXBuildFile; fileRef = 264B0E61231AB50B003ED57E /* MulticastDelegate.swift */; };
		264ED03C231B88EA00946C6C /* HomeViewController.swift in Sources */ = {isa = PBXBuildFile; fileRef = 264ED03B231B88EA00946C6C /* HomeViewController.swift */; };
		264ED03E231B90E400946C6C /* LocationAnnotation.swift in Sources */ = {isa = PBXBuildFile; fileRef = 264ED03D231B90E400946C6C /* LocationAnnotation.swift */; };
		267CFBB5231D501C00F27707 /* DetailViewController.swift in Sources */ = {isa = PBXBuildFile; fileRef = 267CFBB4231D501C00F27707 /* DetailViewController.swift */; };
/* End PBXBuildFile section */

/* Begin PBXFileReference section */
		262152E8231956F10003F658 /* A1ver2_zhiyan.app */ = {isa = PBXFileReference; explicitFileType = wrapper.application; includeInIndex = 0; path = A1ver2_zhiyan.app; sourceTree = BUILT_PRODUCTS_DIR; };
		262152EB231956F10003F658 /* AppDelegate.swift */ = {isa = PBXFileReference; lastKnownFileType = sourcecode.swift; path = AppDelegate.swift; sourceTree = "<group>"; };
		262152F0231956F10003F658 /* Base */ = {isa = PBXFileReference; lastKnownFileType = file.storyboard; name = Base; path = Base.lproj/Main.storyboard; sourceTree = "<group>"; };
		262152F5231956F30003F658 /* Assets.xcassets */ = {isa = PBXFileReference; lastKnownFileType = folder.assetcatalog; path = Assets.xcassets; sourceTree = "<group>"; };
		262152F8231956F30003F658 /* Base */ = {isa = PBXFileReference; lastKnownFileType = file.storyboard; name = Base; path = Base.lproj/LaunchScreen.storyboard; sourceTree = "<group>"; };
		262152FA231956F30003F658 /* Info.plist */ = {isa = PBXFileReference; lastKnownFileType = text.plist.xml; path = Info.plist; sourceTree = "<group>"; };
		262153002319573D0003F658 /* Sight.swift */ = {isa = PBXFileReference; lastKnownFileType = sourcecode.swift; path = Sight.swift; sourceTree = "<group>"; };
		26215302231957A10003F658 /* SightsTableViewController.swift */ = {isa = PBXFileReference; lastKnownFileType = sourcecode.swift; path = SightsTableViewController.swift; sourceTree = "<group>"; };
		26215304231958260003F658 /* NewSightViewController.swift */ = {isa = PBXFileReference; lastKnownFileType = sourcecode.swift; path = NewSightViewController.swift; sourceTree = "<group>"; };
		26215306231958710003F658 /* SightTableViewCell.swift */ = {isa = PBXFileReference; lastKnownFileType = sourcecode.swift; path = SightTableViewCell.swift; sourceTree = "<group>"; };
		2634CABC231F67F500D32368 /* MelbourneCBD.gpx */ = {isa = PBXFileReference; lastKnownFileType = text.xml; name = MelbourneCBD.gpx; path = ../../Downloads/MelbourneCBD.gpx; sourceTree = "<group>"; };
		264B0E3D231A69CF003ED57E /* SightModel.xcdatamodel */ = {isa = PBXFileReference; lastKnownFileType = wrapper.xcdatamodel; path = SightModel.xcdatamodel; sourceTree = "<group>"; };
		264B0E5B231AB429003ED57E /* SightEntity+CoreDataClass.swift */ = {isa = PBXFileReference; lastKnownFileType = sourcecode.swift; path = "SightEntity+CoreDataClass.swift"; sourceTree = "<group>"; };
		264B0E5C231AB429003ED57E /* SightEntity+CoreDataProperties.swift */ = {isa = PBXFileReference; lastKnownFileType = sourcecode.swift; path = "SightEntity+CoreDataProperties.swift"; sourceTree = "<group>"; };
		264B0E5F231AB50B003ED57E /* DatabaseProtocol.swift */ = {isa = PBXFileReference; fileEncoding = 4; lastKnownFileType = sourcecode.swift; path = DatabaseProtocol.swift; sourceTree = "<group>"; };
		264B0E60231AB50B003ED57E /* CoreDataController.swift */ = {isa = PBXFileReference; fileEncoding = 4; lastKnownFileType = sourcecode.swift; path = CoreDataController.swift; sourceTree = "<group>"; };
		264B0E61231AB50B003ED57E /* MulticastDelegate.swift */ = {isa = PBXFileReference; fileEncoding = 4; lastKnownFileType = sourcecode.swift; path = MulticastDelegate.swift; sourceTree = "<group>"; };
		264ED03B231B88EA00946C6C /* HomeViewController.swift */ = {isa = PBXFileReference; lastKnownFileType = sourcecode.swift; path = HomeViewController.swift; sourceTree = "<group>"; };
		264ED03D231B90E400946C6C /* LocationAnnotation.swift */ = {isa = PBXFileReference; lastKnownFileType = sourcecode.swift; path = LocationAnnotation.swift; sourceTree = "<group>"; };
		267CFBB4231D501C00F27707 /* DetailViewController.swift */ = {isa = PBXFileReference; lastKnownFileType = sourcecode.swift; path = DetailViewController.swift; sourceTree = "<group>"; };
/* End PBXFileReference section */

/* Begin PBXFrameworksBuildPhase section */
		262152E5231956F10003F658 /* Frameworks */ = {
			isa = PBXFrameworksBuildPhase;
			buildActionMask = 2147483647;
			files = (
			);
			runOnlyForDeploymentPostprocessing = 0;
		};
/* End PBXFrameworksBuildPhase section */

/* Begin PBXGroup section */
		262152DF231956F10003F658 = {
			isa = PBXGroup;
			children = (
				2634CABC231F67F500D32368 /* MelbourneCBD.gpx */,
				262152EA231956F10003F658 /* A1ver2_zhiyan */,
				262152E9231956F10003F658 /* Products */,
			);
			sourceTree = "<group>";
		};
		262152E9231956F10003F658 /* Products */ = {
			isa = PBXGroup;
			children = (
				262152E8231956F10003F658 /* A1ver2_zhiyan.app */,
			);
			name = Products;
			sourceTree = "<group>";
		};
		262152EA231956F10003F658 /* A1ver2_zhiyan */ = {
			isa = PBXGroup;
			children = (
				264B0E5A231AB32A003ED57E /* Database */,
				264B0E3B231A6928003ED57E /* DataModel */,
				262152EB231956F10003F658 /* AppDelegate.swift */,
				262152EF231956F10003F658 /* Main.storyboard */,
				262152F5231956F30003F658 /* Assets.xcassets */,
				262152F7231956F30003F658 /* LaunchScreen.storyboard */,
				262152FA231956F30003F658 /* Info.plist */,
				262153002319573D0003F658 /* Sight.swift */,
				26215302231957A10003F658 /* SightsTableViewController.swift */,
				26215304231958260003F658 /* NewSightViewController.swift */,
				26215306231958710003F658 /* SightTableViewCell.swift */,
				264ED03B231B88EA00946C6C /* HomeViewController.swift */,
				264ED03D231B90E400946C6C /* LocationAnnotation.swift */,
				267CFBB4231D501C00F27707 /* DetailViewController.swift */,
			);
			path = A1ver2_zhiyan;
			sourceTree = "<group>";
		};
		264B0E3B231A6928003ED57E /* DataModel */ = {
			isa = PBXGroup;
			children = (
				264B0E5B231AB429003ED57E /* SightEntity+CoreDataClass.swift */,
				264B0E5C231AB429003ED57E /* SightEntity+CoreDataProperties.swift */,
				264B0E3C231A69CF003ED57E /* SightModel.xcdatamodeld */,
			);
			path = DataModel;
			sourceTree = "<group>";
		};
		264B0E5A231AB32A003ED57E /* Database */ = {
			isa = PBXGroup;
			children = (
				264B0E60231AB50B003ED57E /* CoreDataController.swift */,
				264B0E5F231AB50B003ED57E /* DatabaseProtocol.swift */,
				264B0E61231AB50B003ED57E /* MulticastDelegate.swift */,
			);
			path = Database;
			sourceTree = "<group>";
		};
/* End PBXGroup section */

/* Begin PBXNativeTarget section */
		262152E7231956F10003F658 /* A1ver2_zhiyan */ = {
			isa = PBXNativeTarget;
			buildConfigurationList = 262152FD231956F30003F658 /* Build configuration list for PBXNativeTarget "A1ver2_zhiyan" */;
			buildPhases = (
				262152E4231956F10003F658 /* Sources */,
				262152E5231956F10003F658 /* Frameworks */,
				262152E6231956F10003F658 /* Resources */,
			);
			buildRules = (
			);
			dependencies = (
			);
			name = A1ver2_zhiyan;
			productName = A1ver2_zhiyan;
			productReference = 262152E8231956F10003F658 /* A1ver2_zhiyan.app */;
			productType = "com.apple.product-type.application";
		};
/* End PBXNativeTarget section */

/* Begin PBXProject section */
		262152E0231956F10003F658 /* Project object */ = {
			isa = PBXProject;
			attributes = {
				LastSwiftUpdateCheck = 1030;
				LastUpgradeCheck = 1030;
				ORGANIZATIONNAME = "steven liu";
				TargetAttributes = {
					262152E7231956F10003F658 = {
						CreatedOnToolsVersion = 10.3;
					};
				};
			};
			buildConfigurationList = 262152E3231956F10003F658 /* Build configuration list for PBXProject "A1ver2_zhiyan" */;
			compatibilityVersion = "Xcode 9.3";
			developmentRegion = en;
			hasScannedForEncodings = 0;
			knownRegions = (
				en,
				Base,
			);
			mainGroup = 262152DF231956F10003F658;
			productRefGroup = 262152E9231956F10003F658 /* Products */;
			projectDirPath = "";
			projectRoot = "";
			targets = (
				262152E7231956F10003F658 /* A1ver2_zhiyan */,
			);
		};
/* End PBXProject section */

/* Begin PBXResourcesBuildPhase section */
		262152E6231956F10003F658 /* Resources */ = {
			isa = PBXResourcesBuildPhase;
			buildActionMask = 2147483647;
			files = (
				262152F9231956F30003F658 /* LaunchScreen.storyboard in Resources */,
				262152F6231956F30003F658 /* Assets.xcassets in Resources */,
				262152F1231956F10003F658 /* Main.storyboard in Resources */,
			);
			runOnlyForDeploymentPostprocessing = 0;
		};
/* End PBXResourcesBuildPhase section */

/* Begin PBXSourcesBuildPhase section */
		262152E4231956F10003F658 /* Sources */ = {
			isa = PBXSourcesBuildPhase;
			buildActionMask = 2147483647;
			files = (
				264B0E5D231AB429003ED57E /* SightEntity+CoreDataClass.swift in Sources */,
				264ED03E231B90E400946C6C /* LocationAnnotation.swift in Sources */,
				26215303231957A10003F658 /* SightsTableViewController.swift in Sources */,
				264B0E63231AB50B003ED57E /* CoreDataController.swift in Sources */,
				262153012319573D0003F658 /* Sight.swift in Sources */,
				262152EC231956F10003F658 /* AppDelegate.swift in Sources */,
				264B0E3E231A69CF003ED57E /* SightModel.xcdatamodeld in Sources */,
				26215305231958260003F658 /* NewSightViewController.swift in Sources */,
				264B0E5E231AB429003ED57E /* SightEntity+CoreDataProperties.swift in Sources */,
				264B0E64231AB50B003ED57E /* MulticastDelegate.swift in Sources */,
				26215307231958710003F658 /* SightTableViewCell.swift in Sources */,
				264B0E62231AB50B003ED57E /* DatabaseProtocol.swift in Sources */,
				264ED03C231B88EA00946C6C /* HomeViewController.swift in Sources */,
				267CFBB5231D501C00F27707 /* DetailViewController.swift in Sources */,
			);
			runOnlyForDeploymentPostprocessing = 0;
		};
/* End PBXSourcesBuildPhase section */

/* Begin PBXVariantGroup section */
		262152EF231956F10003F658 /* Main.storyboard */ = {
			isa = PBXVariantGroup;
			children = (
				262152F0231956F10003F658 /* Base */,
			);
			name = Main.storyboard;
			sourceTree = "<group>";
		};
		262152F7231956F30003F658 /* LaunchScreen.storyboard */ = {
			isa = PBXVariantGroup;
			children = (
				262152F8231956F30003F658 /* Base */,
			);
			name = LaunchScreen.storyboard;
			sourceTree = "<group>";
		};
/* End PBXVariantGroup section */

/* Begin XCBuildConfiguration section */
		262152FB231956F30003F658 /* Debug */ = {
			isa = XCBuildConfiguration;
			buildSettings = {
				ALWAYS_SEARCH_USER_PATHS = NO;
				CLANG_ANALYZER_NONNULL = YES;
				CLANG_ANALYZER_NUMBER_OBJECT_CONVERSION = YES_AGGRESSIVE;
				CLANG_CXX_LANGUAGE_STANDARD = "gnu++14";
				CLANG_CXX_LIBRARY = "libc++";
				CLANG_ENABLE_MODULES = YES;
				CLANG_ENABLE_OBJC_ARC = YES;
				CLANG_ENABLE_OBJC_WEAK = YES;
				CLANG_WARN_BLOCK_CAPTURE_AUTORELEASING = YES;
				CLANG_WARN_BOOL_CONVERSION = YES;
				CLANG_WARN_COMMA = YES;
				CLANG_WARN_CONSTANT_CONVERSION = YES;
				CLANG_WARN_DEPRECATED_OBJC_IMPLEMENTATIONS = YES;
				CLANG_WARN_DIRECT_OBJC_ISA_USAGE = YES_ERROR;
				CLANG_WARN_DOCUMENTATION_COMMENTS = YES;
				CLANG_WARN_EMPTY_BODY = YES;
				CLANG_WARN_ENUM_CONVERSION = YES;
				CLANG_WARN_INFINITE_RECURSION = YES;
				CLANG_WARN_INT_CONVERSION = YES;
				CLANG_WARN_NON_LITERAL_NULL_CONVERSION = YES;
				CLANG_WARN_OBJC_IMPLICIT_RETAIN_SELF = YES;
				CLANG_WARN_OBJC_LITERAL_CONVERSION = YES;
				CLANG_WARN_OBJC_ROOT_CLASS = YES_ERROR;
				CLANG_WARN_RANGE_LOOP_ANALYSIS = YES;
				CLANG_WARN_STRICT_PROTOTYPES = YES;
				CLANG_WARN_SUSPICIOUS_MOVE = YES;
				CLANG_WARN_UNGUARDED_AVAILABILITY = YES_AGGRESSIVE;
				CLANG_WARN_UNREACHABLE_CODE = YES;
				CLANG_WARN__DUPLICATE_METHOD_MATCH = YES;
				CODE_SIGN_IDENTITY = "iPhone Developer";
				COPY_PHASE_STRIP = NO;
				DEBUG_INFORMATION_FORMAT = dwarf;
				ENABLE_STRICT_OBJC_MSGSEND = YES;
				ENABLE_TESTABILITY = YES;
				GCC_C_LANGUAGE_STANDARD = gnu11;
				GCC_DYNAMIC_NO_PIC = NO;
				GCC_NO_COMMON_BLOCKS = YES;
				GCC_OPTIMIZATION_LEVEL = 0;
				GCC_PREPROCESSOR_DEFINITIONS = (
					"DEBUG=1",
					"$(inherited)",
				);
				GCC_WARN_64_TO_32_BIT_CONVERSION = YES;
				GCC_WARN_ABOUT_RETURN_TYPE = YES_ERROR;
				GCC_WARN_UNDECLARED_SELECTOR = YES;
				GCC_WARN_UNINITIALIZED_AUTOS = YES_AGGRESSIVE;
				GCC_WARN_UNUSED_FUNCTION = YES;
				GCC_WARN_UNUSED_VARIABLE = YES;
				IPHONEOS_DEPLOYMENT_TARGET = 12.4;
				MTL_ENABLE_DEBUG_INFO = INCLUDE_SOURCE;
				MTL_FAST_MATH = YES;
				ONLY_ACTIVE_ARCH = YES;
				SDKROOT = iphoneos;
				SWIFT_ACTIVE_COMPILATION_CONDITIONS = DEBUG;
				SWIFT_OPTIMIZATION_LEVEL = "-Onone";
			};
			name = Debug;
		};
		262152FC231956F30003F658 /* Release */ = {
			isa = XCBuildConfiguration;
			buildSettings = {
				ALWAYS_SEARCH_USER_PATHS = NO;
				CLANG_ANALYZER_NONNULL = YES;
				CLANG_ANALYZER_NUMBER_OBJECT_CONVERSION = YES_AGGRESSIVE;
				CLANG_CXX_LANGUAGE_STANDARD = "gnu++14";
				CLANG_CXX_LIBRARY = "libc++";
				CLANG_ENABLE_MODULES = YES;
				CLANG_ENABLE_OBJC_ARC = YES;
				CLANG_ENABLE_OBJC_WEAK = YES;
				CLANG_WARN_BLOCK_CAPTURE_AUTORELEASING = YES;
				CLANG_WARN_BOOL_CONVERSION = YES;
				CLANG_WARN_COMMA = YES;
				CLANG_WARN_CONSTANT_CONVERSION = YES;
				CLANG_WARN_DEPRECATED_OBJC_IMPLEMENTATIONS = YES;
				CLANG_WARN_DIRECT_OBJC_ISA_USAGE = YES_ERROR;
				CLANG_WARN_DOCUMENTATION_COMMENTS = YES;
				CLANG_WARN_EMPTY_BODY = YES;
				CLANG_WARN_ENUM_CONVERSION = YES;
				CLANG_WARN_INFINITE_RECURSION = YES;
				CLANG_WARN_INT_CONVERSION = YES;
				CLANG_WARN_NON_LITERAL_NULL_CONVERSION = YES;
				CLANG_WARN_OBJC_IMPLICIT_RETAIN_SELF = YES;
				CLANG_WARN_OBJC_LITERAL_CONVERSION = YES;
				CLANG_WARN_OBJC_ROOT_CLASS = YES_ERROR;
				CLANG_WARN_RANGE_LOOP_ANALYSIS = YES;
				CLANG_WARN_STRICT_PROTOTYPES = YES;
				CLANG_WARN_SUSPICIOUS_MOVE = YES;
				CLANG_WARN_UNGUARDED_AVAILABILITY = YES_AGGRESSIVE;
				CLANG_WARN_UNREACHABLE_CODE = YES;
				CLANG_WARN__DUPLICATE_METHOD_MATCH = YES;
				CODE_SIGN_IDENTITY = "iPhone Developer";
				COPY_PHASE_STRIP = NO;
				DEBUG_INFORMATION_FORMAT = "dwarf-with-dsym";
				ENABLE_NS_ASSERTIONS = NO;
				ENABLE_STRICT_OBJC_MSGSEND = YES;
				GCC_C_LANGUAGE_STANDARD = gnu11;
				GCC_NO_COMMON_BLOCKS = YES;
				GCC_WARN_64_TO_32_BIT_CONVERSION = YES;
				GCC_WARN_ABOUT_RETURN_TYPE = YES_ERROR;
				GCC_WARN_UNDECLARED_SELECTOR = YES;
				GCC_WARN_UNINITIALIZED_AUTOS = YES_AGGRESSIVE;
				GCC_WARN_UNUSED_FUNCTION = YES;
				GCC_WARN_UNUSED_VARIABLE = YES;
				IPHONEOS_DEPLOYMENT_TARGET = 12.4;
				MTL_ENABLE_DEBUG_INFO = NO;
				MTL_FAST_MATH = YES;
				SDKROOT = iphoneos;
				SWIFT_COMPILATION_MODE = wholemodule;
				SWIFT_OPTIMIZATION_LEVEL = "-O";
				VALIDATE_PRODUCT = YES;
			};
			name = Release;
		};
		262152FE231956F30003F658 /* Debug */ = {
			isa = XCBuildConfiguration;
			buildSettings = {
				ASSETCATALOG_COMPILER_APPICON_NAME = AppIcon;
				CODE_SIGN_STYLE = Automatic;
				DEVELOPMENT_TEAM = 4XJ69MFGWM;
				INFOPLIST_FILE = A1ver2_zhiyan/Info.plist;
				LD_RUNPATH_SEARCH_PATHS = (
					"$(inherited)",
					"@executable_path/Frameworks",
				);
				PRODUCT_BUNDLE_IDENTIFIER = "Monash-University.A1ver2-zhiyan";
				PRODUCT_NAME = "$(TARGET_NAME)";
				SWIFT_VERSION = 5.0;
				TARGETED_DEVICE_FAMILY = "1,2";
			};
			name = Debug;
		};
		262152FF231956F30003F658 /* Release */ = {
			isa = XCBuildConfiguration;
			buildSettings = {
				ASSETCATALOG_COMPILER_APPICON_NAME = AppIcon;
				CODE_SIGN_STYLE = Automatic;
				DEVELOPMENT_TEAM = 4XJ69MFGWM;
				INFOPLIST_FILE = A1ver2_zhiyan/Info.plist;
				LD_RUNPATH_SEARCH_PATHS = (
					"$(inherited)",
					"@executable_path/Frameworks",
				);
				PRODUCT_BUNDLE_IDENTIFIER = "Monash-University.A1ver2-zhiyan";
				PRODUCT_NAME = "$(TARGET_NAME)";
				SWIFT_VERSION = 5.0;
				TARGETED_DEVICE_FAMILY = "1,2";
			};
			name = Release;
		};
/* End XCBuildConfiguration section */

/* Begin XCConfigurationList section */
		262152E3231956F10003F658 /* Build configuration list for PBXProject "A1ver2_zhiyan" */ = {
			isa = XCConfigurationList;
			buildConfigurations = (
				262152FB231956F30003F658 /* Debug */,
				262152FC231956F30003F658 /* Release */,
			);
			defaultConfigurationIsVisible = 0;
			defaultConfigurationName = Release;
		};
		262152FD231956F30003F658 /* Build configuration list for PBXNativeTarget "A1ver2_zhiyan" */ = {
			isa = XCConfigurationList;
			buildConfigurations = (
				262152FE231956F30003F658 /* Debug */,
				262152FF231956F30003F658 /* Release */,
			);
			defaultConfigurationIsVisible = 0;
			defaultConfigurationName = Release;
		};
/* End XCConfigurationList section */

/* Begin XCVersionGroup section */
		264B0E3C231A69CF003ED57E /* SightModel.xcdatamodeld */ = {
			isa = XCVersionGroup;
			children = (
				264B0E3D231A69CF003ED57E /* SightModel.xcdatamodel */,
			);
			currentVersion = 264B0E3D231A69CF003ED57E /* SightModel.xcdatamodel */;
			path = SightModel.xcdatamodeld;
			sourceTree = "<group>";
			versionGroupType = wrapper.xcdatamodel;
		};
/* End XCVersionGroup section */
	};
	rootObject = 262152E0231956F10003F658 /* Project object */;
}
